
Microsoft Visual Studio Solution File, Format Version 12.00
# Visual Studio Version 16
VisualStudioVersion = 16.0.30114.105
MinimumVisualStudioVersion = 10.0.40219.1
Project("{FAE04EC0-301F-11D3-BF4B-00C04F79EFBC}") = "CloudCustomers.API", "CloudCustomers.API\CloudCustomers.API.csproj", "{5F7A1D00-D708-4D4E-8ADB-D0A1665938BA}"
EndProject
Project("{FAE04EC0-301F-11D3-BF4B-00C04F79EFBC}") = "CloudCustomers.UnitTests", "CloudCustomers.UnitTests\CloudCustomers.UnitTests.csproj", "{C3FD8683-3EB1-48F3-98BE-06CE22BA8C97}"
EndProject
Global
	GlobalSection(SolutionConfigurationPlatforms) = preSolution
		Debug|Any CPU = Debug|Any CPU
		Release|Any CPU = Release|Any CPU
	EndGlobalSection
	GlobalSection(SolutionProperties) = preSolution
		HideSolutionNode = FALSE
	EndGlobalSection
	GlobalSection(ProjectConfigurationPlatforms) = postSolution
		{5F7A1D00-D708-4D4E-8ADB-D0A1665938BA}.Debug|Any CPU.ActiveCfg = Debug|Any CPU
		{5F7A1D00-D708-4D4E-8ADB-D0A1665938BA}.Debug|Any CPU.Build.0 = Debug|Any CPU
		{5F7A1D00-D708-4D4E-8ADB-D0A1665938BA}.Release|Any CPU.ActiveCfg = Release|Any CPU
		{5F7A1D00-D708-4D4E-8ADB-D0A1665938BA}.Release|Any CPU.Build.0 = Release|Any CPU
		{C3FD8683-3EB1-48F3-98BE-06CE22BA8C97}.Debug|Any CPU.ActiveCfg = Debug|Any CPU
		{C3FD8683-3EB1-48F3-98BE-06CE22BA8C97}.Debug|Any CPU.Build.0 = Debug|Any CPU
		{C3FD8683-3EB1-48F3-98BE-06CE22BA8C97}.Release|Any CPU.ActiveCfg = Release|Any CPU
		{C3FD8683-3EB1-48F3-98BE-06CE22BA8C97}.Release|Any CPU.Build.0 = Release|Any CPU
	EndGlobalSection
EndGlobal
